
Microsoft Visual Studio Solution File, Format Version 12.00
# Visual Studio 14
VisualStudioVersion = 14.0.25420.1
MinimumVisualStudioVersion = 10.0.40219.1
Project("{FAE04EC0-301F-11D3-BF4B-00C04F79EFBC}") = "SQLlib", "SQLlib\SQLlib.csproj", "{8E551DC8-B822-4ABA-A771-9ED0AA25FAF2}"
EndProject
Project("{FAE04EC0-301F-11D3-BF4B-00C04F79EFBC}") = "test", "test\test.csproj", "{B0AD5A38-4C9F-4189-9861-095E75413E3E}"
EndProject
Project("{FAE04EC0-301F-11D3-BF4B-00C04F79EFBC}") = "serviceFram", "serviceFram\serviceFram.csproj", "{A7B94A99-3C0C-4003-83B6-4F4239CECFC6}"
EndProject
Project("{FAE04EC0-301F-11D3-BF4B-00C04F79EFBC}") = "sendtest", "sendtest\sendtest.csproj", "{A9BA3C20-74E8-432E-ABD4-C33F90E3E1D2}"
EndProject
Project("{FAE04EC0-301F-11D3-BF4B-00C04F79EFBC}") = "servicecmd", "servicecmd\servicecmd.csproj", "{90031360-F7B4-4E8A-BDE4-1485F3CA4498}"
EndProject
Global
	GlobalSection(SolutionConfigurationPlatforms) = preSolution
		Debug|Any CPU = Debug|Any CPU
		Release|Any CPU = Release|Any CPU
	EndGlobalSection
	GlobalSection(ProjectConfigurationPlatforms) = postSolution
		{8E551DC8-B822-4ABA-A771-9ED0AA25FAF2}.Debug|Any CPU.ActiveCfg = Debug|Any CPU
		{8E551DC8-B822-4ABA-A771-9ED0AA25FAF2}.Debug|Any CPU.Build.0 = Debug|Any CPU
		{8E551DC8-B822-4ABA-A771-9ED0AA25FAF2}.Release|Any CPU.ActiveCfg = Release|Any CPU
		{8E551DC8-B822-4ABA-A771-9ED0AA25FAF2}.Release|Any CPU.Build.0 = Release|Any CPU
		{B0AD5A38-4C9F-4189-9861-095E75413E3E}.Debug|Any CPU.ActiveCfg = Debug|Any CPU
		{B0AD5A38-4C9F-4189-9861-095E75413E3E}.Debug|Any CPU.Build.0 = Debug|Any CPU
		{B0AD5A38-4C9F-4189-9861-095E75413E3E}.Release|Any CPU.ActiveCfg = Release|Any CPU
		{B0AD5A38-4C9F-4189-9861-095E75413E3E}.Release|Any CPU.Build.0 = Release|Any CPU
		{A7B94A99-3C0C-4003-83B6-4F4239CECFC6}.Debug|Any CPU.ActiveCfg = Debug|Any CPU
		{A7B94A99-3C0C-4003-83B6-4F4239CECFC6}.Debug|Any CPU.Build.0 = Debug|Any CPU
		{A7B94A99-3C0C-4003-83B6-4F4239CECFC6}.Release|Any CPU.ActiveCfg = Release|Any CPU
		{A7B94A99-3C0C-4003-83B6-4F4239CECFC6}.Release|Any CPU.Build.0 = Release|Any CPU
		{A9BA3C20-74E8-432E-ABD4-C33F90E3E1D2}.Debug|Any CPU.ActiveCfg = Debug|Any CPU
		{A9BA3C20-74E8-432E-ABD4-C33F90E3E1D2}.Debug|Any CPU.Build.0 = Debug|Any CPU
		{A9BA3C20-74E8-432E-ABD4-C33F90E3E1D2}.Release|Any CPU.ActiveCfg = Release|Any CPU
		{A9BA3C20-74E8-432E-ABD4-C33F90E3E1D2}.Release|Any CPU.Build.0 = Release|Any CPU
		{90031360-F7B4-4E8A-BDE4-1485F3CA4498}.Debug|Any CPU.ActiveCfg = Debug|Any CPU
		{90031360-F7B4-4E8A-BDE4-1485F3CA4498}.Debug|Any CPU.Build.0 = Debug|Any CPU
		{90031360-F7B4-4E8A-BDE4-1485F3CA4498}.Release|Any CPU.ActiveCfg = Release|Any CPU
		{90031360-F7B4-4E8A-BDE4-1485F3CA4498}.Release|Any CPU.Build.0 = Release|Any CPU
	EndGlobalSection
	GlobalSection(SolutionProperties) = preSolution
		HideSolutionNode = FALSE
	EndGlobalSection
EndGlobal
